<?xml version="1.0" encoding="utf-8"?>
<Project ToolsVersion="4.0" xmlns="http://schemas.microsoft.com/developer/msbuild/2003">
  <ItemGroup>
    <Filter Include="Source Files">
      <UniqueIdentifier>{4FC737F1-C7A5-4376-A066-2A32D752A2FF}</UniqueIdentifier>
      <Extensions>cpp;c;cc;cxx;def;odl;idl;hpj;bat;asm;asmx</Extensions>
    </Filter>
    <Filter Include="Header Files">
      <UniqueIdentifier>{93995380-89BD-4b04-88EB-625FBE52EBFB}</UniqueIdentifier>
      <Extensions>h;hh;hpp;hxx;hm;inl;inc;xsd</Extensions>
    </Filter>
    <Filter Include="Resource Files">
      <UniqueIdentifier>{D9D6E242-F8AF-46E4-B9FD-80ECBC20BA3E}</UniqueIdentifier>
      <Extensions>qrc;*</Extensions>
      <ParseFiles>false</ParseFiles>
    </Filter>
    <Filter Include="Form Files">
      <UniqueIdentifier>{99349809-55BA-4b9d-BF79-8FDBB0286EB3}</UniqueIdentifier>
      <Extensions>ui</Extensions>
    </Filter>
    <Filter Include="Resource Files">
      <UniqueIdentifier>{D9D6E242-F8AF-46E4-B9FD-80ECBC20BA3E}</UniqueIdentifier>
      <Extensions>qrc;*</Extensions>
      <ParseFiles>false</ParseFiles>
    </Filter>
    <Filter Include="Generated Files">
      <UniqueIdentifier>{71ED8ED8-ACB9-4CE9-BBE1-E00B30144E11}</UniqueIdentifier>
      <Extensions>moc;h;cpp</Extensions>
      <SourceControlFiles>False</SourceControlFiles>
    </Filter>
    <Filter Include="Effects">
      <UniqueIdentifier>{75993ca4-050c-4860-9888-df1cac0de701}</UniqueIdentifier>
    </Filter>
    <Filter Include="shaders">
      <UniqueIdentifier>{680ff73d-77f6-4a87-9562-6090e09b679a}</UniqueIdentifier>
    </Filter>
    <Filter Include="Objects">
      <UniqueIdentifier>{cdd38f19-3e38-479b-bdb8-5223c406f3e1}</UniqueIdentifier>
    </Filter>
    <Filter Include="tinyxml2">
      <UniqueIdentifier>{9a64d9ba-b56c-4fcb-ad15-d087413bc18a}</UniqueIdentifier>
    </Filter>
    <Filter Include="GeometryGenerator">
      <UniqueIdentifier>{07756e2e-395e-4b91-95fa-7e7da2d9c0e1}</UniqueIdentifier>
    </Filter>
    <Filter Include="MathHelper">
      <UniqueIdentifier>{6806110d-fcec-46c2-9daf-22805249078c}</UniqueIdentifier>
    </Filter>
    <Filter Include="Axis">
      <UniqueIdentifier>{b6aaeae4-a360-4ff4-8818-ec69172277f8}</UniqueIdentifier>
    </Filter>
    <Filter Include="PbrMat">
      <UniqueIdentifier>{bfc8a17b-03d5-4f56-80f6-a0825ef5840b}</UniqueIdentifier>
    </Filter>
  </ItemGroup>
  <ItemGroup>
    <ClCompile Include="main.cpp">
      <Filter>Source Files</Filter>
    </ClCompile>
    <ClCompile Include="Tsukuyomi.cpp">
      <Filter>Source Files</Filter>
    </ClCompile>
    <ClCompile Include="RenderWidget.cpp">
      <Filter>Source Files</Filter>
    </ClCompile>
    <ClCompile Include="D3DRenderer.cpp">
      <Filter>Source Files</Filter>
    </ClCompile>
    <ClCompile Include="GlobalSys.cpp">
      <Filter>Source Files</Filter>
    </ClCompile>
    <ClCompile Include="Vertex.cpp">
      <Filter>Source Files</Filter>
    </ClCompile>
    <ClCompile Include="Effects\Effects.cpp">
      <Filter>Effects</Filter>
    </ClCompile>
    <ClCompile Include="Objects\Object.cpp">
      <Filter>Objects</Filter>
    </ClCompile>
    <ClCompile Include="Objects\Mesh.cpp">
      <Filter>Objects</Filter>
    </ClCompile>
    <ClCompile Include="ObjectsManager.cpp">
      <Filter>Source Files</Filter>
    </ClCompile>
    <ClCompile Include="ObjectsListWidget.cpp">
      <Filter>Source Files</Filter>
    </ClCompile>
    <ClCompile Include="ObjectPropertyWidget.cpp">
      <Filter>Source Files</Filter>
    </ClCompile>
    <ClCompile Include="tinyxml2\tinyxml2.cpp">
      <Filter>tinyxml2</Filter>
    </ClCompile>
    <ClCompile Include="common.cpp">
      <Filter>Source Files</Filter>
    </ClCompile>
    <ClCompile Include="GeometryGenerator\GeometryGenerator.cpp">
      <Filter>GeometryGenerator</Filter>
    </ClCompile>
    <ClCompile Include="MathHelper\MathHelper.cpp">
      <Filter>MathHelper</Filter>
    </ClCompile>
    <ClCompile Include="Axis\RotAxis.cpp">
      <Filter>Axis</Filter>
    </ClCompile>
    <ClCompile Include="Axis\TransAxis.cpp">
      <Filter>Axis</Filter>
    </ClCompile>
    <ClCompile Include="intersection.cpp">
      <Filter>Source Files</Filter>
    </ClCompile>
    <ClCompile Include="Objects\Camera.cpp">
      <Filter>Objects</Filter>
    </ClCompile>
    <ClCompile Include="Objects\Light.cpp">
      <Filter>Objects</Filter>
    </ClCompile>
    <ClCompile Include="Objects\AreaLight.cpp">
      <Filter>Objects</Filter>
    </ClCompile>
    <ClCompile Include="Objects\DirectionalLight.cpp">
      <Filter>Objects</Filter>
    </ClCompile>
    <ClCompile Include="Objects\PointLight.cpp">
      <Filter>Objects</Filter>
    </ClCompile>
    <ClCompile Include="PbrMat\BxDF.cpp">
      <Filter>PbrMat</Filter>
    </ClCompile>
    <ClCompile Include="PbrMat\LambertianReflection.cpp">
      <Filter>PbrMat</Filter>
    </ClCompile>
    <ClCompile Include="PbrMat\OrenNayar.cpp">
      <Filter>PbrMat</Filter>
    </ClCompile>
    <ClCompile Include="PbrMat\MicrofacetReflection.cpp">
      <Filter>PbrMat</Filter>
    </ClCompile>
  </ItemGroup>
  <ItemGroup>
    <QtMoc Include="Tsukuyomi.h">
      <Filter>Header Files</Filter>
    </QtMoc>
    <QtMoc Include="RenderWidget.h">
      <Filter>Header Files</Filter>
    </QtMoc>
    <QtMoc Include="ObjectsListWidget.h">
      <Filter>Header Files</Filter>
    </QtMoc>
    <QtMoc Include="ObjectPropertyWidget.h">
      <Filter>Header Files</Filter>
    </QtMoc>
  </ItemGroup>
  <ItemGroup>
    <QtUic Include="Tsukuyomi.ui">
      <Filter>Form Files</Filter>
    </QtUic>
  </ItemGroup>
  <ItemGroup>
    <QtRcc Include="Tsukuyomi.qrc">
      <Filter>Resource Files</Filter>
    </QtRcc>
  </ItemGroup>
  <ItemGroup>
    <ClInclude Include="D3DRenderer.h">
      <Filter>Header Files</Filter>
    </ClInclude>
    <ClInclude Include="common.h">
      <Filter>Header Files</Filter>
    </ClInclude>
    <ClInclude Include="GlobalSys.h">
      <Filter>Header Files</Filter>
    </ClInclude>
    <ClInclude Include="Vertex.h">
      <Filter>Header Files</Filter>
    </ClInclude>
    <ClInclude Include="Effects\Effects.h">
      <Filter>Effects</Filter>
    </ClInclude>
    <ClInclude Include="Objects\Object.h">
      <Filter>Objects</Filter>
    </ClInclude>
    <ClInclude Include="Objects\Mesh.h">
      <Filter>Objects</Filter>
    </ClInclude>
    <ClInclude Include="ObjectsManager.h">
      <Filter>Header Files</Filter>
    </ClInclude>
    <ClInclude Include="tinyxml2\tinyxml2.h">
      <Filter>tinyxml2</Filter>
    </ClInclude>
    <ClInclude Include="GeometryGenerator\GeometryGenerator.h">
      <Filter>GeometryGenerator</Filter>
    </ClInclude>
    <ClInclude Include="MathHelper\MathHelper.h">
      <Filter>MathHelper</Filter>
    </ClInclude>
    <ClInclude Include="Axis\RotAxis.h">
      <Filter>Axis</Filter>
    </ClInclude>
    <ClInclude Include="Axis\TransAxis.h">
      <Filter>Axis</Filter>
    </ClInclude>
    <ClInclude Include="intersection.h">
      <Filter>Header Files</Filter>
    </ClInclude>
    <ClInclude Include="Objects\Camera.h">
      <Filter>Objects</Filter>
    </ClInclude>
    <ClInclude Include="Objects\AreaLight.h">
      <Filter>Objects</Filter>
    </ClInclude>
    <ClInclude Include="Objects\DirectionalLight.h">
      <Filter>Objects</Filter>
    </ClInclude>
    <ClInclude Include="Objects\Light.h">
      <Filter>Objects</Filter>
    </ClInclude>
    <ClInclude Include="Objects\PointLight.h">
      <Filter>Objects</Filter>
    </ClInclude>
    <ClInclude Include="PbrMat\BxDF.h">
      <Filter>PbrMat</Filter>
    </ClInclude>
    <ClInclude Include="PbrMat\LambertianReflection.h">
      <Filter>PbrMat</Filter>
    </ClInclude>
    <ClInclude Include="PbrMat\OrenNayar.h">
      <Filter>PbrMat</Filter>
    </ClInclude>
    <ClInclude Include="PbrMat\MicrofacetReflection.h">
      <Filter>PbrMat</Filter>
    </ClInclude>
    <ClInclude Include="PbrMat\SpecularReflection.h">
      <Filter>PbrMat</Filter>
    </ClInclude>
    <ClInclude Include="RGBSpectrum.h">
      <Filter>Header Files</Filter>
    </ClInclude>
  </ItemGroup>
  <ItemGroup>
    <FxCompile Include="shaders\Basic.fx">
      <Filter>shaders</Filter>
    </FxCompile>
    <FxCompile Include="shaders\LightHelper.fx">
      <Filter>shaders</Filter>
    </FxCompile>
  </ItemGroup>
</Project>